
Microsoft Visual Studio Solution File, Format Version 12.00
# Visual Studio 15
VisualStudioVersion = 15.0.28307.1231
MinimumVisualStudioVersion = 10.0.40219.1
Project("{FAE04EC0-301F-11D3-BF4B-00C04F79EFBC}") = "TestCheckComboBox", "TestCheckComboBox\TestCheckComboBox.csproj", "{6BC5866A-6100-4877-95E6-18970B6F9497}"
EndProject
Global
	GlobalSection(SolutionConfigurationPlatforms) = preSolution
		Debug|Any CPU = Debug|Any CPU
		Release|Any CPU = Release|Any CPU
	EndGlobalSection
	GlobalSection(ProjectConfigurationPlatforms) = postSolution
		{6BC5866A-6100-4877-95E6-18970B6F9497}.Debug|Any CPU.ActiveCfg = Debug|Any CPU
		{6BC5866A-6100-4877-95E6-18970B6F9497}.Debug|Any CPU.Build.0 = Debug|Any CPU
		{6BC5866A-6100-4877-95E6-18970B6F9497}.Release|Any CPU.ActiveCfg = Release|Any CPU
		{6BC5866A-6100-4877-95E6-18970B6F9497}.Release|Any CPU.Build.0 = Release|Any CPU
	EndGlobalSection
	GlobalSection(SolutionProperties) = preSolution
		HideSolutionNode = FALSE
	EndGlobalSection
	GlobalSection(ExtensibilityGlobals) = postSolution
		SolutionGuid = {DEB1AE63-FA45-4CEE-8EF4-D25A5EB379EB}
	EndGlobalSection
EndGlobal
